{
    "_meta": {
        "hash": {
            "sha256": "8d238812639f9a43f4ab3691e1c143aa70084eca68f16ade8544de8d56fae6ce"
        },
        "pipfile-spec": 6,
        "requires": {
            "python_version": "3.12"
        },
        "sources": [
            {
                "name": "pypi",
                "url": "https://pypi.org/simple",
                "verify_ssl": true
            }
        ]
    },
    "default": {
        "anyio": {
            "hashes": [
                "sha256:08b310f9e24a9594186fd75b4f73f4a4152069e3853f1ed8bfbf58369f4ad708",
                "sha256:334b70e641fd2221c1505b3890c69882fe4a2df910cba14d97019b90b24439dc"
            ],
            "markers": "python_version >= '3.10'",
            "version": "==4.13.0"
        },
        "certifi": {
            "hashes": [
                "sha256:3c52e209ba0a4ad7aebe60436a4ab349c39e1e602e8c134221e546902ad25897",
                "sha256:69dea482ab64caa7b9f6aba1c6bf48bb6a5448d1c0f1b17ab42ad8c763a5344d"
            ],
            "markers": "python_version >= '3.7'",
            "version": "==2026.5.20"
        },
        "h11": {
            "hashes": [
                "sha256:4e35b956cf45792e4caa5885e69fba00bdbc6ffafbfa020300e549b208ee5ff1",
                "sha256:63cf8bbe7522de3bf65932fda1d9c2772064ffb3dae62d55932da54b31cb6c86"
            ],
            "markers": "python_version >= '3.8'",
            "version": "==0.16.0"
        },
        "httpcore": {
            "hashes": [
                "sha256:2d400746a40668fc9dec9810239072b40b4484b640a8c38fd654a024c7a1bf55",
                "sha256:6e34463af53fd2ab5d807f399a9b45ea31c3dfa2276f15a2c3f00afff6e176e8"
            ],
            "markers": "python_version >= '3.8'",
            "version": "==1.0.9"
        },
        "httpx": {
            "hashes": [
                "sha256:75e98c5f16b0f35b567856f597f06ff2270a374470a5c2392242528e3e3e42fc",
                "sha256:d909fcccc110f8c7faf814ca82a9a4d816bc5a6dbfea25d6591d6985b8ba59ad"
            ],
            "index": "pypi",
            "markers": "python_version >= '3.8'",
            "version": "==0.28.1"
        },
        "idna": {
            "hashes": [
                "sha256:cc246e3a3f89580c3a951b5ad298ca4638078b2cdd4f115654332b5c26daded5",
                "sha256:d7a6da03db833450fca25d2358ac9ff06cd624577a4aea3a596d5c0f77b8e03d"
            ],
            "markers": "python_version >= '3.9'",
            "version": "==3.16"
        },
        "simplejson": {
            "hashes": [
                "sha256:036a27bd0469b9d79557cbddb392969f876cd7f278cfbd0fba81534927a06575",
                "sha256:0662cfe0482c9796bd097213b27f006815bfdc9b671264c3c0b7fc0e72b71d00",
                "sha256:0da5c9f57206ee7ef280ff7f1d924937b0a64f9a271a5ef371a2ecdbebba7421",
                "sha256:0e4b23f71dd781f8830f1663dc01a4944d3dbf87a1f93d78fba1cf64722d0ccf",
                "sha256:10048ab9b9e0f7e95f1680829f0925a63b190fa8e8e9bb91369538fe382df827",
                "sha256:104d8324c34f25b4b90800bc5fa363780cbc3d8496aef061cba7ce1af9162270",
                "sha256:110a14b2702e9fa01d13d510b66bcf823c9ddd700bd0050301bfbd1bcdf95991",
                "sha256:112b37ba2ff805da9e657c05b4ffa1a7428eaa191918af106dfacc5ab70663d4",
                "sha256:14465703aa66668cc1b697ec834c4d1566b72464f92d3ba4cb00ecd2c4438b2d",
                "sha256:1778e09a6e4bb4ef304627915dc4a838569d9e6b737c787925b4e98244bbbc16",
                "sha256:19040a17154dc03d289bab68d73ce0a6a0be01de30c584bbdd93490bead14b22",
                "sha256:1ad45da7462afc3dc4a0fe374a40b62f816821b046297b4acc670e641e45cc8d",
                "sha256:21d1b82f5d58f776a184a42bdf5ce4a6d7c36191a917131c577b41019f6b7daf",
                "sha256:225c9caa324c5b554d009fb9cac22aee7711e71bd96f487938c659af467e828e",
                "sha256:249e2e220aa6d9b9d936bde84eb7bf79d5b6c5a8273c6e411f8b1635a9073f2d",
                "sha256:25773dbc326799824767d40921e88a8f07c5bf1a0738884fb16cab574610aa28",
                "sha256:2669ff10c7090ae9099afa9f7ae3a8c1a5170e78f18c7011dd8d5ce73beba6c0",
                "sha256:2785ff8edc0e28bf773a32543a6bbed46351453c997b3f6709c744e3c2f7eabb",
                "sha256:2867c64d92abd1992c15666fae198203093f593e43d6b81adf176bae530d493a",
                "sha256:2ce92b3748f02423e26d2bfb636fb9d7a8f67c8f5854dcae69d350d123b2eee2",
                "sha256:2e0d5ead6d14610467ec356ec1f6b5d8a56aa216abaad8d41c8b873b16cf313f",
                "sha256:2e708d373a10e4378ef2d59f8361850c7150fd907ed49efe49bc5492160476d1",
                "sha256:30944f06a9c0787a8c69d8295b3abc960161f08b5ce26d41be88d2bc5539ea3c",
                "sha256:3427a069695405658b2270989d9e6f03f39e34a24d1b8548b562abc282ee400b",
                "sha256:37233c72ce88d06acb92747347742b3c07871eba6789f060c179c9302dde8efe",
                "sha256:3851658d642c1184d2023f0e6c9ce44a21eb1629e74e7c84ef956b128841fe12",
                "sha256:39e3c584071dced8c21b4689f0254303521daeb9b5bc1f4289755d71fa3cb0d3",
                "sha256:42ee1aeaa295364bb2c079c42c5796bf1db4b0d5c4bf95f2fcdddba770618cb4",
                "sha256:43fa9a1ccf477e415c025ba507ada54984f5ed927d28d304cf50e089818818b0",
                "sha256:4484960512db9c8124bfa91e0d8a9f9c302338f1c5454e74c21d7d022df10f46",
                "sha256:453a25bcad03b1ec4584998c58c27c5eb54148e13bcbf49b796f953048349c78",
                "sha256:45ec18e337fec538b7e902d489505c450b2454653d1290f3f50385e6fd8aa607",
                "sha256:4c1eecc2d6a186eaf5d111cf9b311fa9a9ecf68703db7b63ed5938049f3e74f5",
                "sha256:4c44ef6b02a4eb67ed17a72342341792149b3ff46f15426c26e970e49addf327",
                "sha256:4c47c46e16c8ea9e4850061e6ed5aa2b9cd2074cb2274bfd9c138cba15ce7453",
                "sha256:4cbb299d0528ec0447fe366d8c9641860e28f997a62730690fef905f1f41046e",
                "sha256:5f09293dc60ca29b4d588583f0423863d1e9faa0074fdbf00a9955ecc6365331",
                "sha256:604b8d73f396078c122f696c2fa5f3527a00667633863560096180baf1356257",
                "sha256:617e36ae79f4d53c91a4aec95eb09c469ef28fdec7926821254505a1de920e3f",
                "sha256:63a5451f557d6be48a231bae932458655c620902b868170b2f1c8afed496f6b4",
                "sha256:63c2ada8e58f266491f19eed2eeeb7c25c6141e52f8f9e820f6bb94156cf8dbc",
                "sha256:642cec364e0676e2d5a73fa4d31d0c7c55886997caa2fde24e8292ca44d32728",
                "sha256:67341c95c0a168ab4a6d1e807e50463f1c8da932c3286d81e201266c427061fa",
                "sha256:677fbb192b2cbefb3dc21862eaf0bf560b4b370662503036c513f1e3eb32dfac",
                "sha256:67e43e7c0555e10de6d83e1408035652fad28c983516e38c4e3a9a748c9af129",
                "sha256:68e62eda21192c5ea9bb92d571ca46a4477fef48762f50d433de2b4253051551",
                "sha256:6bbc61cd7982ff77a68df06d103a3ba459eefd1d3cb6f4f4944cdf9f091d7bf7",
                "sha256:6c845363eb5fd166fb7c72243da38f4fcfde666ede7fdf2cc6fd7762894626f7",
                "sha256:76fe296ca1df23d290033f10aaacf534fd1b3e3007e7f9ff8aa68b21413aaa78",
                "sha256:78a3fe0995be42bed62a26aa78e0e0b4d87c6545785346b9cc898f3389569a35",
                "sha256:797ad726434bf23c47a1e51140b6d1afb35471984c8fd31db76ba375fc0a296d",
                "sha256:7c0573d7370232d71616653080e397df61d4daf1cd7d6a717f23fd21eda90731",
                "sha256:7ce252b28fddbdd83db5bd7d93dad2a8a591d7ada098afec9c1b23d6b722a7a4",
                "sha256:7f61eefab86235c800e7f4e37d977080ec424bb2bf0b74e95a2d17ecb48eac0a",
                "sha256:820c69a4710400e9b248d5670647d60be58824369282d3925e516b3ff1a7cd82",
                "sha256:82bfca2b85a34178c25829c703f0a9e9f113a5af7539285bd3efb583a0bf1ba3",
                "sha256:82e42ff58ee856f4029c732d35673dbe62d589445a8e6c3c98ced8fd78096617",
                "sha256:82fee635d7b73ad801030b05a75fbd34a098da0c2ecf600667a03636d09e1e42",
                "sha256:861e393260508efa64d8805a8e49c416c3484907e3f146ce966c69552b49b9a3",
                "sha256:8b2da172a6ff43f74463522a1aa1d7a481ac2dba2de4b18ed51e989190352ba7",
                "sha256:8e5cdd6a5d52299f345c15ab5678cc4249e24f383f361d986afbc3c7072a6b6b",
                "sha256:8eb821ef27f688f59ed4a93b17a666a7ebacf8dd65fecaa2b3c531a3aea62eaf",
                "sha256:8f0ad25b7dc4e0fb23858355819f2e994f1a5badcdcde8737eac7921c2f1ed2a",
                "sha256:93bf6653420258372444de90194dab8de8ff13d74b5d4263a5fefbbe8b8d2060",
                "sha256:95407269340c7f22f09776ea7b717a52cf56cfcf119b5e45f66faa4a26445bea",
                "sha256:95a3bb0f78e85f4937f99092239f2011ce06f0f2d803df5c299cc05abbeae008",
                "sha256:971aed0647ad6e840a3943bec812fcda5f2d26a5497a4981d1fb49aa4f9a396c",
                "sha256:97a02325a00617c26cfc974f4ebb191c8de6e87cb96d33e51612091150637c3d",
                "sha256:980fc33353f81fd12d8c49d44f8c2760d1dc8192285e627c5180d141035b228a",
                "sha256:a59ebd0533f03fd06ff0c42ba0f02d93cbcdd7944922bf3b93911327a95b901f",
                "sha256:a6525ec733f43d0541206cffa64fd2aad5a7ae3eb76566aff49cd4db6382209a",
                "sha256:a94ebaecdbaa80d9551a3ec6bf0c9302fc8b53ab6c1b2bfd498a1df4cb28158d",
                "sha256:a9ab55d2459f6d0fdf9984a7a0fb0280dae12979f4fcc3171f5096a4fcf5fafe",
                "sha256:b70bfd2f67f3351baba08aa3ae9233c83f21fd95ae5e6b3d0ecb8c647929112f",
                "sha256:b75c7ef874dbb350f41827cdf3cee23f5257bdcb0df46d4c01b34badb62dcfe8",
                "sha256:bbfdaa7c0603f75b7b14b211b7f2be44696d4e26833ad2d91d5c87bf5fb9a920",
                "sha256:bccbf4419676b517939852e5aeff2af6aee4dc046881c67a1581fa6f1cb01abd",
                "sha256:c08eb9f7a90f77ae470e19a07472e9a79ebc0d1c2315d86a72767665bd5ba79f",
                "sha256:c65c763fb20d7ca113c1c14dce2fc04a0fc3a57aceff533d6fdac707c7bffb40",
                "sha256:c7494c75b95171194f965ea609e97081837a26494d91dcc046ad27dd9c3503e2",
                "sha256:c7876ec2ef53ff5e6714a382b3f8f042a744b944728ae0baef99421740cc57a3",
                "sha256:c996a4d38290c515af347740659ce095b425449c164a5c9fa3977caa6eff5dbe",
                "sha256:cc0442dea71cd9cbf30a0b8b9929ab5aa6c02c0443a3d977351e6ec5bada4388",
                "sha256:d083b89d30948a751d3d97476c2ed91e4caaa24a1a1459bdbadb8876242c71fe",
                "sha256:d1fffb56305c5b475ee746cf9e04f97423ba5aaacd292dc1255bd75b1d3b124b",
                "sha256:d75cea7a1025edd7e439b2966b3d977c45b5b899e2adaf422811b3ac702ed9fb",
                "sha256:de2ed102fff88dacf543699f53ee3a533cc11539a39baa176b7e09dd783069d6",
                "sha256:dfb84ace97acbdf1916c5a675387493fc5a7f67c2e15d4a7687143f8c73024d4",
                "sha256:dff52fc7af272e84fc21cc5a06c927c823ca6ae00af14f3b0d7707b42775ed98",
                "sha256:e2778625bd6c839588373f07d7ade6fc0fb6b8365a146b84f27edfadb13ab597",
                "sha256:e294e33dbf316a9bbdd4030d46503c9b0f19470ae7ad6af5bae6c426bc2e869f",
                "sha256:e338a0029a0e8e4da2657b63a8df39b0269007dc9b506eadacca384519b2bd9c",
                "sha256:ea3426e786425d10e9e82f8a6eda74a7d6eb10d99165ac3d0d3bbcb65c0ea343",
                "sha256:ed7473602b6625de793b6acba49aa949f144a475f538792067e4cf2fda2071f5",
                "sha256:f42a7911f64ed8f738ba55480c20d5c685851781d411f9473cafa7a643e52fe4",
                "sha256:ffd3d82294b47f5ec64050021ace95fd62628a0c1cc8bbf4d06d2d1fb697e055"
            ],
            "index": "pypi",
            "markers": "python_version >= '2.7' and python_version not in '3.0, 3.1, 3.2, 3.3, 3.4, 3.5, 3.6, 3.7'",
            "version": "==4.1.1"
        },
        "typing-extensions": {
            "hashes": [
                "sha256:0cea48d173cc12fa28ecabc3b837ea3cf6f38c6d1136f85cbaaf598984861466",
                "sha256:f0fa19c6845758ab08074a0cfa8b7aecb71c999ca73d62883bc25cc018c4e548"
            ],
            "markers": "python_version < '3.13'",
            "version": "==4.15.0"
        }
    },
    "develop": {
        "anyio": {
            "hashes": [
                "sha256:08b310f9e24a9594186fd75b4f73f4a4152069e3853f1ed8bfbf58369f4ad708",
                "sha256:334b70e641fd2221c1505b3890c69882fe4a2df910cba14d97019b90b24439dc"
            ],
            "markers": "python_version >= '3.10'",
            "version": "==4.13.0"
        },
        "astroid": {
            "hashes": [
                "sha256:52f39653876c7dec3e3afd4c2696920e05c83832b9737afc21928f2d2eb7a753",
                "sha256:986fed8bcf79fb82c78b18a53352a0b287a73817d6dbcfba3162da36667c49a0"
            ],
            "markers": "python_full_version >= '3.10.0'",
            "version": "==4.0.4"
        },
        "boto3": {
            "hashes": [
                "sha256:6c337bbe608aacc7d335c79e671f0c893870293b74d652f7a7af22ccd0dfef16",
                "sha256:dffc8a3cd3edbc0ad95b9c6b983e873b76ede46d3aa0709f94db253f2ff2388f"
            ],
            "index": "pypi",
            "markers": "python_version >= '3.10'",
            "version": "==1.43.16"
        },
        "botocore": {
            "hashes": [
                "sha256:813dae233d8b365c19aaf7865b32070e34d7e793654881bf86ecbbef3f4ad5c6",
                "sha256:8ab05b1346d26a3c6d69c7338051f07bd4739a090f414d2cff43c0dbc1e18ca7"
            ],
            "markers": "python_version >= '3.10'",
            "version": "==1.43.16"
        },
        "certifi": {
            "hashes": [
                "sha256:3c52e209ba0a4ad7aebe60436a4ab349c39e1e602e8c134221e546902ad25897",
                "sha256:69dea482ab64caa7b9f6aba1c6bf48bb6a5448d1c0f1b17ab42ad8c763a5344d"
            ],
            "markers": "python_version >= '3.7'",
            "version": "==2026.5.20"
        },
        "dill": {
            "hashes": [
                "sha256:1e1ce33e978ae97fcfcff5638477032b801c46c7c65cf717f95fbc2248f79a9d",
                "sha256:423092df4182177d4d8ba8290c8a5b640c66ab35ec7da59ccfa00f6fa3eea5fa"
            ],
            "markers": "python_version >= '3.11'",
            "version": "==0.4.1"
        },
        "h11": {
            "hashes": [
                "sha256:4e35b956cf45792e4caa5885e69fba00bdbc6ffafbfa020300e549b208ee5ff1",
                "sha256:63cf8bbe7522de3bf65932fda1d9c2772064ffb3dae62d55932da54b31cb6c86"
            ],
            "markers": "python_version >= '3.8'",
            "version": "==0.16.0"
        },
        "httpcore": {
            "hashes": [
                "sha256:2d400746a40668fc9dec9810239072b40b4484b640a8c38fd654a024c7a1bf55",
                "sha256:6e34463af53fd2ab5d807f399a9b45ea31c3dfa2276f15a2c3f00afff6e176e8"
            ],
            "markers": "python_version >= '3.8'",
            "version": "==1.0.9"
        },
        "httpx": {
            "hashes": [
                "sha256:75e98c5f16b0f35b567856f597f06ff2270a374470a5c2392242528e3e3e42fc",
                "sha256:d909fcccc110f8c7faf814ca82a9a4d816bc5a6dbfea25d6591d6985b8ba59ad"
            ],
            "index": "pypi",
            "markers": "python_version >= '3.8'",
            "version": "==0.28.1"
        },
        "idna": {
            "hashes": [
                "sha256:cc246e3a3f89580c3a951b5ad298ca4638078b2cdd4f115654332b5c26daded5",
                "sha256:d7a6da03db833450fca25d2358ac9ff06cd624577a4aea3a596d5c0f77b8e03d"
            ],
            "markers": "python_version >= '3.9'",
            "version": "==3.16"
        },
        "iniconfig": {
            "hashes": [
                "sha256:c76315c77db068650d49c5b56314774a7804df16fee4402c1f19d6d15d8c4730",
                "sha256:f631c04d2c48c52b84d0d0549c99ff3859c98df65b3101406327ecc7d53fbf12"
            ],
            "markers": "python_version >= '3.10'",
            "version": "==2.3.0"
        },
        "isort": {
            "hashes": [
                "sha256:171ac4ff559cdc060bcfff550bc8404a486fee0caab245679c2abe7cb253c78d",
                "sha256:28b89bc70f751b559aeca209e6120393d43fbe2490de0559662be7a9787e3d75"
            ],
            "markers": "python_full_version >= '3.10.0'",
            "version": "==8.0.1"
        },
        "jmespath": {
            "hashes": [
                "sha256:472c87d80f36026ae83c6ddd0f1d05d4e510134ed462851fd5f754c8c3cbb88d",
                "sha256:a5663118de4908c91729bea0acadca56526eb2698e83de10cd116ae0f4e97c64"
            ],
            "markers": "python_version >= '3.9'",
            "version": "==1.1.0"
        },
        "mccabe": {
            "hashes": [
                "sha256:348e0240c33b60bbdf4e523192ef919f28cb2c3d7d5c7794f74009290f236325",
                "sha256:6c2d30ab6be0e4a46919781807b4f0d834ebdd6c6e3dca0bda5a15f863427b6e"
            ],
            "markers": "python_version >= '3.6'",
            "version": "==0.7.0"
        },
        "packaging": {
            "hashes": [
                "sha256:5fc45236b9446107ff2415ce77c807cee2862cb6fac22b8a73826d0693b0980e",
                "sha256:ff452ff5a3e828ce110190feff1178bb1f2ea2281fa2075aadb987c2fb221661"
            ],
            "markers": "python_version >= '3.8'",
            "version": "==26.2"
        },
        "platformdirs": {
            "hashes": [
                "sha256:3bfa75b0ad0db84096ae777218481852c0ebc6c727b3168c1b9e0118e458cf0a",
                "sha256:e61adb1d5e5cb3441b4b7710bea7e4c12250ca49439228cc1021c00dcfac0917"
            ],
            "markers": "python_version >= '3.10'",
            "version": "==4.9.6"
        },
        "pluggy": {
            "hashes": [
                "sha256:7dcc130b76258d33b90f61b658791dede3486c3e6bfb003ee5c9bfb396dd22f3",
                "sha256:e920276dd6813095e9377c0bc5566d94c932c33b27a3e3945d8389c374dd4746"
            ],
            "markers": "python_version >= '3.9'",
            "version": "==1.6.0"
        },
        "pygments": {
            "hashes": [
                "sha256:6757cd03768053ff99f3039c1a36d6c0aa0b263438fcab17520b30a303a82b5f",
                "sha256:81a9e26dd42fd28a23a2d169d86d7ac03b46e2f8b59ed4698fb4785f946d0176"
            ],
            "markers": "python_version >= '3.9'",
            "version": "==2.20.0"
        },
        "pylint": {
            "hashes": [
                "sha256:00f51c9b14a3b3ae08cff6b2cdd43f28165c78b165b628692e428fb1f8dc2cf2",
                "sha256:8cd6a618df75deb013bd7eb98327a95f02a6fb839205a6bbf5456ef96afb317c"
            ],
            "index": "pypi",
            "markers": "python_full_version >= '3.10.0'",
            "version": "==4.0.5"
        },
        "pytest": {
            "hashes": [
                "sha256:2c5efc453d45394fdd706ade797c0a81091eccd1d6e4bccfcd476e2b8e0ab5d9",
                "sha256:b86ada508af81d19edeb213c681b1d48246c1a91d304c6c81a427674c17eb91c"
            ],
            "index": "pypi",
            "markers": "python_version >= '3.10'",
            "version": "==9.0.3"
        },
        "python-dateutil": {
            "hashes": [
                "sha256:37dd54208da7e1cd875388217d5e00ebd4179249f90fb72437e91a35459a0ad3",
                "sha256:a8b2bc7bffae282281c8140a97d3aa9c14da0b136dfe83f850eea9a5f7470427"
            ],
            "markers": "python_version >= '2.7' and python_version not in '3.0, 3.1, 3.2, 3.3'",
            "version": "==2.9.0.post0"
        },
        "s3transfer": {
            "hashes": [
                "sha256:042dd5e3b1b512355e35a23f0223e426b7042e80b97830ea2680ddce327fc45e",
                "sha256:5b9827d1044159bbb01b86ef8902760ea39281927f5de31de75e1d657177bf4c"
            ],
            "markers": "python_version >= '3.10'",
            "version": "==0.17.1"
        },
        "simplejson": {
            "hashes": [
                "sha256:036a27bd0469b9d79557cbddb392969f876cd7f278cfbd0fba81534927a06575",
                "sha256:0662cfe0482c9796bd097213b27f006815bfdc9b671264c3c0b7fc0e72b71d00",
                "sha256:0da5c9f57206ee7ef280ff7f1d924937b0a64f9a271a5ef371a2ecdbebba7421",
                "sha256:0e4b23f71dd781f8830f1663dc01a4944d3dbf87a1f93d78fba1cf64722d0ccf",
                "sha256:10048ab9b9e0f7e95f1680829f0925a63b190fa8e8e9bb91369538fe382df827",
                "sha256:104d8324c34f25b4b90800bc5fa363780cbc3d8496aef061cba7ce1af9162270",
                "sha256:110a14b2702e9fa01d13d510b66bcf823c9ddd700bd0050301bfbd1bcdf95991",
                "sha256:112b37ba2ff805da9e657c05b4ffa1a7428eaa191918af106dfacc5ab70663d4",
                "sha256:14465703aa66668cc1b697ec834c4d1566b72464f92d3ba4cb00ecd2c4438b2d",
                "sha256:1778e09a6e4bb4ef304627915dc4a838569d9e6b737c787925b4e98244bbbc16",
                "sha256:19040a17154dc03d289bab68d73ce0a6a0be01de30c584bbdd93490bead14b22",
                "sha256:1ad45da7462afc3dc4a0fe374a40b62f816821b046297b4acc670e641e45cc8d",
                "sha256:21d1b82f5d58f776a184a42bdf5ce4a6d7c36191a917131c577b41019f6b7daf",
                "sha256:225c9caa324c5b554d009fb9cac22aee7711e71bd96f487938c659af467e828e",
                "sha256:249e2e220aa6d9b9d936bde84eb7bf79d5b6c5a8273c6e411f8b1635a9073f2d",
                "sha256:25773dbc326799824767d40921e88a8f07c5bf1a0738884fb16cab574610aa28",
                "sha256:2669ff10c7090ae9099afa9f7ae3a8c1a5170e78f18c7011dd8d5ce73beba6c0",
                "sha256:2785ff8edc0e28bf773a32543a6bbed46351453c997b3f6709c744e3c2f7eabb",
                "sha256:2867c64d92abd1992c15666fae198203093f593e43d6b81adf176bae530d493a",
                "sha256:2ce92b3748f02423e26d2bfb636fb9d7a8f67c8f5854dcae69d350d123b2eee2",
                "sha256:2e0d5ead6d14610467ec356ec1f6b5d8a56aa216abaad8d41c8b873b16cf313f",
                "sha256:2e708d373a10e4378ef2d59f8361850c7150fd907ed49efe49bc5492160476d1",
                "sha256:30944f06a9c0787a8c69d8295b3abc960161f08b5ce26d41be88d2bc5539ea3c",
                "sha256:3427a069695405658b2270989d9e6f03f39e34a24d1b8548b562abc282ee400b",
                "sha256:37233c72ce88d06acb92747347742b3c07871eba6789f060c179c9302dde8efe",
                "sha256:3851658d642c1184d2023f0e6c9ce44a21eb1629e74e7c84ef956b128841fe12",
                "sha256:39e3c584071dced8c21b4689f0254303521daeb9b5bc1f4289755d71fa3cb0d3",
                "sha256:42ee1aeaa295364bb2c079c42c5796bf1db4b0d5c4bf95f2fcdddba770618cb4",
                "sha256:43fa9a1ccf477e415c025ba507ada54984f5ed927d28d304cf50e089818818b0",
                "sha256:4484960512db9c8124bfa91e0d8a9f9c302338f1c5454e74c21d7d022df10f46",
                "sha256:453a25bcad03b1ec4584998c58c27c5eb54148e13bcbf49b796f953048349c78",
                "sha256:45ec18e337fec538b7e902d489505c450b2454653d1290f3f50385e6fd8aa607",
                "sha256:4c1eecc2d6a186eaf5d111cf9b311fa9a9ecf68703db7b63ed5938049f3e74f5",
                "sha256:4c44ef6b02a4eb67ed17a72342341792149b3ff46f15426c26e970e49addf327",
                "sha256:4c47c46e16c8ea9e4850061e6ed5aa2b9cd2074cb2274bfd9c138cba15ce7453",
                "sha256:4cbb299d0528ec0447fe366d8c9641860e28f997a62730690fef905f1f41046e",
                "sha256:5f09293dc60ca29b4d588583f0423863d1e9faa0074fdbf00a9955ecc6365331",
                "sha256:604b8d73f396078c122f696c2fa5f3527a00667633863560096180baf1356257",
                "sha256:617e36ae79f4d53c91a4aec95eb09c469ef28fdec7926821254505a1de920e3f",
                "sha256:63a5451f557d6be48a231bae932458655c620902b868170b2f1c8afed496f6b4",
                "sha256:63c2ada8e58f266491f19eed2eeeb7c25c6141e52f8f9e820f6bb94156cf8dbc",
                "sha256:642cec364e0676e2d5a73fa4d31d0c7c55886997caa2fde24e8292ca44d32728",
                "sha256:67341c95c0a168ab4a6d1e807e50463f1c8da932c3286d81e201266c427061fa",
                "sha256:677fbb192b2cbefb3dc21862eaf0bf560b4b370662503036c513f1e3eb32dfac",
                "sha256:67e43e7c0555e10de6d83e1408035652fad28c983516e38c4e3a9a748c9af129",
                "sha256:68e62eda21192c5ea9bb92d571ca46a4477fef48762f50d433de2b4253051551",
                "sha256:6bbc61cd7982ff77a68df06d103a3ba459eefd1d3cb6f4f4944cdf9f091d7bf7",
                "sha256:6c845363eb5fd166fb7c72243da38f4fcfde666ede7fdf2cc6fd7762894626f7",
                "sha256:76fe296ca1df23d290033f10aaacf534fd1b3e3007e7f9ff8aa68b21413aaa78",
                "sha256:78a3fe0995be42bed62a26aa78e0e0b4d87c6545785346b9cc898f3389569a35",
                "sha256:797ad726434bf23c47a1e51140b6d1afb35471984c8fd31db76ba375fc0a296d",
                "sha256:7c0573d7370232d71616653080e397df61d4daf1cd7d6a717f23fd21eda90731",
                "sha256:7ce252b28fddbdd83db5bd7d93dad2a8a591d7ada098afec9c1b23d6b722a7a4",
                "sha256:7f61eefab86235c800e7f4e37d977080ec424bb2bf0b74e95a2d17ecb48eac0a",
                "sha256:820c69a4710400e9b248d5670647d60be58824369282d3925e516b3ff1a7cd82",
                "sha256:82bfca2b85a34178c25829c703f0a9e9f113a5af7539285bd3efb583a0bf1ba3",
                "sha256:82e42ff58ee856f4029c732d35673dbe62d589445a8e6c3c98ced8fd78096617",
                "sha256:82fee635d7b73ad801030b05a75fbd34a098da0c2ecf600667a03636d09e1e42",
                "sha256:861e393260508efa64d8805a8e49c416c3484907e3f146ce966c69552b49b9a3",
                "sha256:8b2da172a6ff43f74463522a1aa1d7a481ac2dba2de4b18ed51e989190352ba7",
                "sha256:8e5cdd6a5d52299f345c15ab5678cc4249e24f383f361d986afbc3c7072a6b6b",
                "sha256:8eb821ef27f688f59ed4a93b17a666a7ebacf8dd65fecaa2b3c531a3aea62eaf",
                "sha256:8f0ad25b7dc4e0fb23858355819f2e994f1a5badcdcde8737eac7921c2f1ed2a",
                "sha256:93bf6653420258372444de90194dab8de8ff13d74b5d4263a5fefbbe8b8d2060",
                "sha256:95407269340c7f22f09776ea7b717a52cf56cfcf119b5e45f66faa4a26445bea",
                "sha256:95a3bb0f78e85f4937f99092239f2011ce06f0f2d803df5c299cc05abbeae008",
                "sha256:971aed0647ad6e840a3943bec812fcda5f2d26a5497a4981d1fb49aa4f9a396c",
                "sha256:97a02325a00617c26cfc974f4ebb191c8de6e87cb96d33e51612091150637c3d",
                "sha256:980fc33353f81fd12d8c49d44f8c2760d1dc8192285e627c5180d141035b228a",
                "sha256:a59ebd0533f03fd06ff0c42ba0f02d93cbcdd7944922bf3b93911327a95b901f",
                "sha256:a6525ec733f43d0541206cffa64fd2aad5a7ae3eb76566aff49cd4db6382209a",
                "sha256:a94ebaecdbaa80d9551a3ec6bf0c9302fc8b53ab6c1b2bfd498a1df4cb28158d",
                "sha256:a9ab55d2459f6d0fdf9984a7a0fb0280dae12979f4fcc3171f5096a4fcf5fafe",
                "sha256:b70bfd2f67f3351baba08aa3ae9233c83f21fd95ae5e6b3d0ecb8c647929112f",
                "sha256:b75c7ef874dbb350f41827cdf3cee23f5257bdcb0df46d4c01b34badb62dcfe8",
                "sha256:bbfdaa7c0603f75b7b14b211b7f2be44696d4e26833ad2d91d5c87bf5fb9a920",
                "sha256:bccbf4419676b517939852e5aeff2af6aee4dc046881c67a1581fa6f1cb01abd",
                "sha256:c08eb9f7a90f77ae470e19a07472e9a79ebc0d1c2315d86a72767665bd5ba79f",
                "sha256:c65c763fb20d7ca113c1c14dce2fc04a0fc3a57aceff533d6fdac707c7bffb40",
                "sha256:c7494c75b95171194f965ea609e97081837a26494d91dcc046ad27dd9c3503e2",
                "sha256:c7876ec2ef53ff5e6714a382b3f8f042a744b944728ae0baef99421740cc57a3",
                "sha256:c996a4d38290c515af347740659ce095b425449c164a5c9fa3977caa6eff5dbe",
                "sha256:cc0442dea71cd9cbf30a0b8b9929ab5aa6c02c0443a3d977351e6ec5bada4388",
                "sha256:d083b89d30948a751d3d97476c2ed91e4caaa24a1a1459bdbadb8876242c71fe",
                "sha256:d1fffb56305c5b475ee746cf9e04f97423ba5aaacd292dc1255bd75b1d3b124b",
                "sha256:d75cea7a1025edd7e439b2966b3d977c45b5b899e2adaf422811b3ac702ed9fb",
                "sha256:de2ed102fff88dacf543699f53ee3a533cc11539a39baa176b7e09dd783069d6",
                "sha256:dfb84ace97acbdf1916c5a675387493fc5a7f67c2e15d4a7687143f8c73024d4",
                "sha256:dff52fc7af272e84fc21cc5a06c927c823ca6ae00af14f3b0d7707b42775ed98",
                "sha256:e2778625bd6c839588373f07d7ade6fc0fb6b8365a146b84f27edfadb13ab597",
                "sha256:e294e33dbf316a9bbdd4030d46503c9b0f19470ae7ad6af5bae6c426bc2e869f",
                "sha256:e338a0029a0e8e4da2657b63a8df39b0269007dc9b506eadacca384519b2bd9c",
                "sha256:ea3426e786425d10e9e82f8a6eda74a7d6eb10d99165ac3d0d3bbcb65c0ea343",
                "sha256:ed7473602b6625de793b6acba49aa949f144a475f538792067e4cf2fda2071f5",
                "sha256:f42a7911f64ed8f738ba55480c20d5c685851781d411f9473cafa7a643e52fe4",
                "sha256:ffd3d82294b47f5ec64050021ace95fd62628a0c1cc8bbf4d06d2d1fb697e055"
            ],
            "index": "pypi",
            "markers": "python_version >= '2.7' and python_version not in '3.0, 3.1, 3.2, 3.3, 3.4, 3.5, 3.6, 3.7'",
            "version": "==4.1.1"
        },
        "six": {
            "hashes": [
                "sha256:4721f391ed90541fddacab5acf947aa0d3dc7d27b2e1e8eda2be8970586c3274",
                "sha256:ff70335d468e7eb6ec65b95b99d3a2836546063f63acc5171de367e834932a81"
            ],
            "markers": "python_version >= '2.7' and python_version not in '3.0, 3.1, 3.2, 3.3'",
            "version": "==1.17.0"
        },
        "tomlkit": {
            "hashes": [
                "sha256:4dbc8f0fc024412b57ced8757ac7461305126a648ff8c2c807fcb8e133a78738",
                "sha256:7d1a9ecba3086638211b13814ea79c90dd54dd11993564376f3aa92271f5c7a3"
            ],
            "markers": "python_version >= '3.9'",
            "version": "==0.15.0"
        },
        "typing-extensions": {
            "hashes": [
                "sha256:0cea48d173cc12fa28ecabc3b837ea3cf6f38c6d1136f85cbaaf598984861466",
                "sha256:f0fa19c6845758ab08074a0cfa8b7aecb71c999ca73d62883bc25cc018c4e548"
            ],
            "markers": "python_version < '3.13'",
            "version": "==4.15.0"
        },
        "urllib3": {
            "hashes": [
                "sha256:231e0ec3b63ceb14667c67be60f2f2c40a518cb38b03af60abc813da26505f4c",
                "sha256:9fb4c81ebbb1ce9531cce37674bbc6f1360472bc18ca9a553ede278ef7276897"
            ],
            "markers": "python_version >= '3.10'",
            "version": "==2.7.0"
        }
    }
}
